
Microsoft Visual Studio Solution File, Format Version 12.00
# Visual Studio Version 17
VisualStudioVersion = 17.0.31912.275
MinimumVisualStudioVersion = 10.0.40219.1
Project("{FAE04EC0-301F-11D3-BF4B-00C04F79EFBC}") = "paymentManger", "paymentManger\paymentManger.csproj", "{679114D7-4F23-4DB2-A749-96C986251460}"
EndProject
Global
	GlobalSection(SolutionConfigurationPlatforms) = preSolution
		Debug|Any CPU = Debug|Any CPU
		Release|Any CPU = Release|Any CPU
	EndGlobalSection
	GlobalSection(ProjectConfigurationPlatforms) = postSolution
		{679114D7-4F23-4DB2-A749-96C986251460}.Debug|Any CPU.ActiveCfg = Debug|Any CPU
		{679114D7-4F23-4DB2-A749-96C986251460}.Debug|Any CPU.Build.0 = Debug|Any CPU
		{679114D7-4F23-4DB2-A749-96C986251460}.Release|Any CPU.ActiveCfg = Release|Any CPU
		{679114D7-4F23-4DB2-A749-96C986251460}.Release|Any CPU.Build.0 = Release|Any CPU
	EndGlobalSection
	GlobalSection(SolutionProperties) = preSolution
		HideSolutionNode = FALSE
	EndGlobalSection
	GlobalSection(ExtensibilityGlobals) = postSolution
		SolutionGuid = {BB28626E-DAA7-4097-B2E8-24E3F4BC9D66}
	EndGlobalSection
EndGlobal
